
Microsoft Visual Studio Solution File, Format Version 12.00
# Visual Studio Version 17
VisualStudioVersion = 17.5.002.0
MinimumVisualStudioVersion = 10.0.40219.1
Project("{9A19103F-16F7-4668-BE54-9A1E7A4F7556}") = "TiendaVideojuegos", "TiendaVideojuegos\TiendaVideojuegos.csproj", "{161CD825-FCD6-462C-BB2C-8187CCB0BD49}"
EndProject
Global
	GlobalSection(SolutionConfigurationPlatforms) = preSolution
		Debug|Any CPU = Debug|Any CPU
		Release|Any CPU = Release|Any CPU
	EndGlobalSection
	GlobalSection(ProjectConfigurationPlatforms) = postSolution
		{161CD825-FCD6-462C-BB2C-8187CCB0BD49}.Debug|Any CPU.ActiveCfg = Debug|Any CPU
		{161CD825-FCD6-462C-BB2C-8187CCB0BD49}.Debug|Any CPU.Build.0 = Debug|Any CPU
		{161CD825-FCD6-462C-BB2C-8187CCB0BD49}.Release|Any CPU.ActiveCfg = Release|Any CPU
		{161CD825-FCD6-462C-BB2C-8187CCB0BD49}.Release|Any CPU.Build.0 = Release|Any CPU
	EndGlobalSection
	GlobalSection(SolutionProperties) = preSolution
		HideSolutionNode = FALSE
	EndGlobalSection
	GlobalSection(ExtensibilityGlobals) = postSolution
		SolutionGuid = {DC038370-DF08-426B-B72B-4CCBD6E0D332}
	EndGlobalSection
EndGlobal
